// !$*UTF8*$!
{
	archiveVersion = 1;
	classes = {
	};
	objectVersion = 55;
	objects = {

/* Begin PBXBuildFile section */
		BE0839E328F1D1E60034A49D /* String+.swift in Sources */ = {isa = PBXBuildFile; fileRef = BE0839E228F1D1E60034A49D /* String+.swift */; };
		BE2C8ECA28E2A5F4003C6FEB /* AppDelegate.swift in Sources */ = {isa = PBXBuildFile; fileRef = BE2C8EC928E2A5F4003C6FEB /* AppDelegate.swift */; };
		BE2C8ECC28E2A5F4003C6FEB /* SceneDelegate.swift in Sources */ = {isa = PBXBuildFile; fileRef = BE2C8ECB28E2A5F4003C6FEB /* SceneDelegate.swift */; };
		BE2C8ECE28E2A5F4003C6FEB /* ListViewController.swift in Sources */ = {isa = PBXBuildFile; fileRef = BE2C8ECD28E2A5F4003C6FEB /* ListViewController.swift */; };
		BE2C8ED128E2A5F4003C6FEB /* Main.storyboard in Resources */ = {isa = PBXBuildFile; fileRef = BE2C8ECF28E2A5F4003C6FEB /* Main.storyboard */; };
		BE2C8ED428E2A5F4003C6FEB /* IncomeBalance.xcdatamodeld in Sources */ = {isa = PBXBuildFile; fileRef = BE2C8ED228E2A5F4003C6FEB /* IncomeBalance.xcdatamodeld */; };
		BE2C8ED628E2A5F9003C6FEB /* Assets.xcassets in Resources */ = {isa = PBXBuildFile; fileRef = BE2C8ED528E2A5F9003C6FEB /* Assets.xcassets */; };
		BE2C8ED928E2A5F9003C6FEB /* LaunchScreen.storyboard in Resources */ = {isa = PBXBuildFile; fileRef = BE2C8ED728E2A5F9003C6FEB /* LaunchScreen.storyboard */; };
		BE2C8EE428E2A5F9003C6FEB /* IncomeBalanceTests.swift in Sources */ = {isa = PBXBuildFile; fileRef = BE2C8EE328E2A5F9003C6FEB /* IncomeBalanceTests.swift */; };
		BE2C8EEE28E2A5F9003C6FEB /* IncomeBalanceUITests.swift in Sources */ = {isa = PBXBuildFile; fileRef = BE2C8EED28E2A5F9003C6FEB /* IncomeBalanceUITests.swift */; };
		BE2C8EF028E2A5F9003C6FEB /* IncomeBalanceUITestsLaunchTests.swift in Sources */ = {isa = PBXBuildFile; fileRef = BE2C8EEF28E2A5F9003C6FEB /* IncomeBalanceUITestsLaunchTests.swift */; };
		BE2C8F0228E2BE1D003C6FEB /* Transaction.swift in Sources */ = {isa = PBXBuildFile; fileRef = BE2C8F0128E2BE1D003C6FEB /* Transaction.swift */; };
		BE4B260728E44A5F007A3354 /* TransactionMO.swift in Sources */ = {isa = PBXBuildFile; fileRef = BE4B260528E44A5F007A3354 /* TransactionMO.swift */; };
		BE4B260B28E46641007A3354 /* TransactionRepository.swift in Sources */ = {isa = PBXBuildFile; fileRef = BE4B260A28E46641007A3354 /* TransactionRepository.swift */; };
		BE4B260D28E4668E007A3354 /* CoreDataRepository.swift in Sources */ = {isa = PBXBuildFile; fileRef = BE4B260C28E4668E007A3354 /* CoreDataRepository.swift */; };
		BE4B260F28E467F8007A3354 /* CoreDataContextProvider.swift in Sources */ = {isa = PBXBuildFile; fileRef = BE4B260E28E467F8007A3354 /* CoreDataContextProvider.swift */; };
		BE4B261128E46874007A3354 /* TransactionsViewModel.swift in Sources */ = {isa = PBXBuildFile; fileRef = BE4B261028E46874007A3354 /* TransactionsViewModel.swift */; };
		BE4B261328E476A6007A3354 /* UnitOfWork.swift in Sources */ = {isa = PBXBuildFile; fileRef = BE4B261228E476A6007A3354 /* UnitOfWork.swift */; };
		BE4B261528E59A17007A3354 /* AddTransactionViewModel .swift in Sources */ = {isa = PBXBuildFile; fileRef = BE4B261428E59A17007A3354 /* AddTransactionViewModel .swift */; };
		BE4B261728E699BB007A3354 /* TransactionCell.swift in Sources */ = {isa = PBXBuildFile; fileRef = BE4B261628E699BB007A3354 /* TransactionCell.swift */; };
		BE4B261A28E6A4A0007A3354 /* Date+.swift in Sources */ = {isa = PBXBuildFile; fileRef = BE4B261928E6A4A0007A3354 /* Date+.swift */; };
		BE4B261C28E6EA0E007A3354 /* AddTransactionViewController.swift in Sources */ = {isa = PBXBuildFile; fileRef = BE4B261B28E6EA0E007A3354 /* AddTransactionViewController.swift */; };
		BE4B261E28E6FE42007A3354 /* UITextField+.swift in Sources */ = {isa = PBXBuildFile; fileRef = BE4B261D28E6FE42007A3354 /* UITextField+.swift */; };
/* End PBXBuildFile section */

/* Begin PBXContainerItemProxy section */
		BE2C8EE028E2A5F9003C6FEB /* PBXContainerItemProxy */ = {
			isa = PBXContainerItemProxy;
			containerPortal = BE2C8EBE28E2A5F4003C6FEB /* Project object */;
			proxyType = 1;
			remoteGlobalIDString = BE2C8EC528E2A5F4003C6FEB;
			remoteInfo = IncomeBalance;
		};
		BE2C8EEA28E2A5F9003C6FEB /* PBXContainerItemProxy */ = {
			isa = PBXContainerItemProxy;
			containerPortal = BE2C8EBE28E2A5F4003C6FEB /* Project object */;
			proxyType = 1;
			remoteGlobalIDString = BE2C8EC528E2A5F4003C6FEB;
			remoteInfo = IncomeBalance;
		};
/* End PBXContainerItemProxy section */

/* Begin PBXFileReference section */
		BE0839E228F1D1E60034A49D /* String+.swift */ = {isa = PBXFileReference; lastKnownFileType = sourcecode.swift; path = "String+.swift"; sourceTree = "<group>"; };
		BE2C8EC628E2A5F4003C6FEB /* IncomeBalance.app */ = {isa = PBXFileReference; explicitFileType = wrapper.application; includeInIndex = 0; path = IncomeBalance.app; sourceTree = BUILT_PRODUCTS_DIR; };
		BE2C8EC928E2A5F4003C6FEB /* AppDelegate.swift */ = {isa = PBXFileReference; lastKnownFileType = sourcecode.swift; path = AppDelegate.swift; sourceTree = "<group>"; };
		BE2C8ECB28E2A5F4003C6FEB /* SceneDelegate.swift */ = {isa = PBXFileReference; lastKnownFileType = sourcecode.swift; path = SceneDelegate.swift; sourceTree = "<group>"; };
		BE2C8ECD28E2A5F4003C6FEB /* ListViewController.swift */ = {isa = PBXFileReference; lastKnownFileType = sourcecode.swift; path = ListViewController.swift; sourceTree = "<group>"; };
		BE2C8ED028E2A5F4003C6FEB /* Base */ = {isa = PBXFileReference; lastKnownFileType = file.storyboard; name = Base; path = Base.lproj/Main.storyboard; sourceTree = "<group>"; };
		BE2C8ED328E2A5F4003C6FEB /* IncomeBalance.xcdatamodel */ = {isa = PBXFileReference; lastKnownFileType = wrapper.xcdatamodel; path = IncomeBalance.xcdatamodel; sourceTree = "<group>"; };
		BE2C8ED528E2A5F9003C6FEB /* Assets.xcassets */ = {isa = PBXFileReference; lastKnownFileType = folder.assetcatalog; path = Assets.xcassets; sourceTree = "<group>"; };
		BE2C8ED828E2A5F9003C6FEB /* Base */ = {isa = PBXFileReference; lastKnownFileType = file.storyboard; name = Base; path = Base.lproj/LaunchScreen.storyboard; sourceTree = "<group>"; };
		BE2C8EDA28E2A5F9003C6FEB /* Info.plist */ = {isa = PBXFileReference; lastKnownFileType = text.plist.xml; path = Info.plist; sourceTree = "<group>"; };
		BE2C8EDF28E2A5F9003C6FEB /* IncomeBalanceTests.xctest */ = {isa = PBXFileReference; explicitFileType = wrapper.cfbundle; includeInIndex = 0; path = IncomeBalanceTests.xctest; sourceTree = BUILT_PRODUCTS_DIR; };
		BE2C8EE328E2A5F9003C6FEB /* IncomeBalanceTests.swift */ = {isa = PBXFileReference; lastKnownFileType = sourcecode.swift; path = IncomeBalanceTests.swift; sourceTree = "<group>"; };
		BE2C8EE928E2A5F9003C6FEB /* IncomeBalanceUITests.xctest */ = {isa = PBXFileReference; explicitFileType = wrapper.cfbundle; includeInIndex = 0; path = IncomeBalanceUITests.xctest; sourceTree = BUILT_PRODUCTS_DIR; };
		BE2C8EED28E2A5F9003C6FEB /* IncomeBalanceUITests.swift */ = {isa = PBXFileReference; lastKnownFileType = sourcecode.swift; path = IncomeBalanceUITests.swift; sourceTree = "<group>"; };
		BE2C8EEF28E2A5F9003C6FEB /* IncomeBalanceUITestsLaunchTests.swift */ = {isa = PBXFileReference; lastKnownFileType = sourcecode.swift; path = IncomeBalanceUITestsLaunchTests.swift; sourceTree = "<group>"; };
		BE2C8F0128E2BE1D003C6FEB /* Transaction.swift */ = {isa = PBXFileReference; lastKnownFileType = sourcecode.swift; path = Transaction.swift; sourceTree = "<group>"; };
		BE4B260528E44A5F007A3354 /* TransactionMO.swift */ = {isa = PBXFileReference; lastKnownFileType = sourcecode.swift; path = TransactionMO.swift; sourceTree = "<group>"; };
		BE4B260A28E46641007A3354 /* TransactionRepository.swift */ = {isa = PBXFileReference; lastKnownFileType = sourcecode.swift; path = TransactionRepository.swift; sourceTree = "<group>"; };
		BE4B260C28E4668E007A3354 /* CoreDataRepository.swift */ = {isa = PBXFileReference; lastKnownFileType = sourcecode.swift; path = CoreDataRepository.swift; sourceTree = "<group>"; };
		BE4B260E28E467F8007A3354 /* CoreDataContextProvider.swift */ = {isa = PBXFileReference; lastKnownFileType = sourcecode.swift; path = CoreDataContextProvider.swift; sourceTree = "<group>"; };
		BE4B261028E46874007A3354 /* TransactionsViewModel.swift */ = {isa = PBXFileReference; lastKnownFileType = sourcecode.swift; path = TransactionsViewModel.swift; sourceTree = "<group>"; };
		BE4B261228E476A6007A3354 /* UnitOfWork.swift */ = {isa = PBXFileReference; lastKnownFileType = sourcecode.swift; path = UnitOfWork.swift; sourceTree = "<group>"; };
		BE4B261428E59A17007A3354 /* AddTransactionViewModel .swift */ = {isa = PBXFileReference; lastKnownFileType = sourcecode.swift; path = "AddTransactionViewModel .swift"; sourceTree = "<group>"; };
		BE4B261628E699BB007A3354 /* TransactionCell.swift */ = {isa = PBXFileReference; lastKnownFileType = sourcecode.swift; path = TransactionCell.swift; sourceTree = "<group>"; };
		BE4B261928E6A4A0007A3354 /* Date+.swift */ = {isa = PBXFileReference; lastKnownFileType = sourcecode.swift; path = "Date+.swift"; sourceTree = "<group>"; };
		BE4B261B28E6EA0E007A3354 /* AddTransactionViewController.swift */ = {isa = PBXFileReference; lastKnownFileType = sourcecode.swift; path = AddTransactionViewController.swift; sourceTree = "<group>"; };
		BE4B261D28E6FE42007A3354 /* UITextField+.swift */ = {isa = PBXFileReference; lastKnownFileType = sourcecode.swift; path = "UITextField+.swift"; sourceTree = "<group>"; };
/* End PBXFileReference section */

/* Begin PBXFrameworksBuildPhase section */
		BE2C8EC328E2A5F4003C6FEB /* Frameworks */ = {
			isa = PBXFrameworksBuildPhase;
			buildActionMask = 2147483647;
			files = (
			);
			runOnlyForDeploymentPostprocessing = 0;
		};
		BE2C8EDC28E2A5F9003C6FEB /* Frameworks */ = {
			isa = PBXFrameworksBuildPhase;
			buildActionMask = 2147483647;
			files = (
			);
			runOnlyForDeploymentPostprocessing = 0;
		};
		BE2C8EE628E2A5F9003C6FEB /* Frameworks */ = {
			isa = PBXFrameworksBuildPhase;
			buildActionMask = 2147483647;
			files = (
			);
			runOnlyForDeploymentPostprocessing = 0;
		};
/* End PBXFrameworksBuildPhase section */

/* Begin PBXGroup section */
		BE2C8EBD28E2A5F4003C6FEB = {
			isa = PBXGroup;
			children = (
				BE2C8EC828E2A5F4003C6FEB /* IncomeBalance */,
				BE2C8EE228E2A5F9003C6FEB /* IncomeBalanceTests */,
				BE2C8EEC28E2A5F9003C6FEB /* IncomeBalanceUITests */,
				BE2C8EC728E2A5F4003C6FEB /* Products */,
			);
			sourceTree = "<group>";
		};
		BE2C8EC728E2A5F4003C6FEB /* Products */ = {
			isa = PBXGroup;
			children = (
				BE2C8EC628E2A5F4003C6FEB /* IncomeBalance.app */,
				BE2C8EDF28E2A5F9003C6FEB /* IncomeBalanceTests.xctest */,
				BE2C8EE928E2A5F9003C6FEB /* IncomeBalanceUITests.xctest */,
			);
			name = Products;
			sourceTree = "<group>";
		};
		BE2C8EC828E2A5F4003C6FEB /* IncomeBalance */ = {
			isa = PBXGroup;
			children = (
				BE4B261828E6A489007A3354 /* Extensions */,
				BE4B260928E4662B007A3354 /* Repository */,
				BE2C8EFE28E2BD63003C6FEB /* Models */,
				BE2C8EFD28E2BD48003C6FEB /* CoreData */,
				BE2C8EFC28E2ABBF003C6FEB /* Features */,
				BE2C8EC928E2A5F4003C6FEB /* AppDelegate.swift */,
				BE2C8ECB28E2A5F4003C6FEB /* SceneDelegate.swift */,
				BE2C8ECF28E2A5F4003C6FEB /* Main.storyboard */,
				BE2C8ED528E2A5F9003C6FEB /* Assets.xcassets */,
				BE2C8ED728E2A5F9003C6FEB /* LaunchScreen.storyboard */,
				BE2C8EDA28E2A5F9003C6FEB /* Info.plist */,
			);
			path = IncomeBalance;
			sourceTree = "<group>";
		};
		BE2C8EE228E2A5F9003C6FEB /* IncomeBalanceTests */ = {
			isa = PBXGroup;
			children = (
				BE2C8EE328E2A5F9003C6FEB /* IncomeBalanceTests.swift */,
			);
			path = IncomeBalanceTests;
			sourceTree = "<group>";
		};
		BE2C8EEC28E2A5F9003C6FEB /* IncomeBalanceUITests */ = {
			isa = PBXGroup;
			children = (
				BE2C8EED28E2A5F9003C6FEB /* IncomeBalanceUITests.swift */,
				BE2C8EEF28E2A5F9003C6FEB /* IncomeBalanceUITestsLaunchTests.swift */,
			);
			path = IncomeBalanceUITests;
			sourceTree = "<group>";
		};
		BE2C8EFC28E2ABBF003C6FEB /* Features */ = {
			isa = PBXGroup;
			children = (
				BE2C8EFF28E2BD77003C6FEB /* TransactionsList */,
				BE2C8F0028E2BDAB003C6FEB /* AddTransaction */,
			);
			path = Features;
			sourceTree = "<group>";
		};
		BE2C8EFD28E2BD48003C6FEB /* CoreData */ = {
			isa = PBXGroup;
			children = (
				BE2C8ED228E2A5F4003C6FEB /* IncomeBalance.xcdatamodeld */,
				BE4B260E28E467F8007A3354 /* CoreDataContextProvider.swift */,
				BE4B261228E476A6007A3354 /* UnitOfWork.swift */,
			);
			path = CoreData;
			sourceTree = "<group>";
		};
		BE2C8EFE28E2BD63003C6FEB /* Models */ = {
			isa = PBXGroup;
			children = (
				BE4B260528E44A5F007A3354 /* TransactionMO.swift */,
				BE2C8F0128E2BE1D003C6FEB /* Transaction.swift */,
			);
			path = Models;
			sourceTree = "<group>";
		};
		BE2C8EFF28E2BD77003C6FEB /* TransactionsList */ = {
			isa = PBXGroup;
			children = (
				BE2C8ECD28E2A5F4003C6FEB /* ListViewController.swift */,
				BE4B261028E46874007A3354 /* TransactionsViewModel.swift */,
				BE4B261628E699BB007A3354 /* TransactionCell.swift */,
			);
			path = TransactionsList;
			sourceTree = "<group>";
		};
		BE2C8F0028E2BDAB003C6FEB /* AddTransaction */ = {
			isa = PBXGroup;
			children = (
				BE4B261B28E6EA0E007A3354 /* AddTransactionViewController.swift */,
				BE4B261428E59A17007A3354 /* AddTransactionViewModel .swift */,
			);
			path = AddTransaction;
			sourceTree = "<group>";
		};
		BE4B260928E4662B007A3354 /* Repository */ = {
			isa = PBXGroup;
			children = (
				BE4B260A28E46641007A3354 /* TransactionRepository.swift */,
				BE4B260C28E4668E007A3354 /* CoreDataRepository.swift */,
			);
			path = Repository;
			sourceTree = "<group>";
		};
		BE4B261828E6A489007A3354 /* Extensions */ = {
			isa = PBXGroup;
			children = (
				BE4B261928E6A4A0007A3354 /* Date+.swift */,
				BE4B261D28E6FE42007A3354 /* UITextField+.swift */,
				BE0839E228F1D1E60034A49D /* String+.swift */,
			);
			path = Extensions;
			sourceTree = "<group>";
		};
/* End PBXGroup section */

/* Begin PBXNativeTarget section */
		BE2C8EC528E2A5F4003C6FEB /* IncomeBalance */ = {
			isa = PBXNativeTarget;
			buildConfigurationList = BE2C8EF328E2A5F9003C6FEB /* Build configuration list for PBXNativeTarget "IncomeBalance" */;
			buildPhases = (
				BE2C8EC228E2A5F4003C6FEB /* Sources */,
				BE2C8EC328E2A5F4003C6FEB /* Frameworks */,
				BE2C8EC428E2A5F4003C6FEB /* Resources */,
			);
			buildRules = (
			);
			dependencies = (
			);
			name = IncomeBalance;
			productName = IncomeBalance;
			productReference = BE2C8EC628E2A5F4003C6FEB /* IncomeBalance.app */;
			productType = "com.apple.product-type.application";
		};
		BE2C8EDE28E2A5F9003C6FEB /* IncomeBalanceTests */ = {
			isa = PBXNativeTarget;
			buildConfigurationList = BE2C8EF628E2A5F9003C6FEB /* Build configuration list for PBXNativeTarget "IncomeBalanceTests" */;
			buildPhases = (
				BE2C8EDB28E2A5F9003C6FEB /* Sources */,
				BE2C8EDC28E2A5F9003C6FEB /* Frameworks */,
				BE2C8EDD28E2A5F9003C6FEB /* Resources */,
			);
			buildRules = (
			);
			dependencies = (
				BE2C8EE128E2A5F9003C6FEB /* PBXTargetDependency */,
			);
			name = IncomeBalanceTests;
			productName = IncomeBalanceTests;
			productReference = BE2C8EDF28E2A5F9003C6FEB /* IncomeBalanceTests.xctest */;
			productType = "com.apple.product-type.bundle.unit-test";
		};
		BE2C8EE828E2A5F9003C6FEB /* IncomeBalanceUITests */ = {
			isa = PBXNativeTarget;
			buildConfigurationList = BE2C8EF928E2A5F9003C6FEB /* Build configuration list for PBXNativeTarget "IncomeBalanceUITests" */;
			buildPhases = (
				BE2C8EE528E2A5F9003C6FEB /* Sources */,
				BE2C8EE628E2A5F9003C6FEB /* Frameworks */,
				BE2C8EE728E2A5F9003C6FEB /* Resources */,
			);
			buildRules = (
			);
			dependencies = (
				BE2C8EEB28E2A5F9003C6FEB /* PBXTargetDependency */,
			);
			name = IncomeBalanceUITests;
			productName = IncomeBalanceUITests;
			productReference = BE2C8EE928E2A5F9003C6FEB /* IncomeBalanceUITests.xctest */;
			productType = "com.apple.product-type.bundle.ui-testing";
		};
/* End PBXNativeTarget section */

/* Begin PBXProject section */
		BE2C8EBE28E2A5F4003C6FEB /* Project object */ = {
			isa = PBXProject;
			attributes = {
				BuildIndependentTargetsInParallel = 1;
				LastSwiftUpdateCheck = 1330;
				LastUpgradeCheck = 1330;
				TargetAttributes = {
					BE2C8EC528E2A5F4003C6FEB = {
						CreatedOnToolsVersion = 13.3.1;
					};
					BE2C8EDE28E2A5F9003C6FEB = {
						CreatedOnToolsVersion = 13.3.1;
						TestTargetID = BE2C8EC528E2A5F4003C6FEB;
					};
					BE2C8EE828E2A5F9003C6FEB = {
						CreatedOnToolsVersion = 13.3.1;
						TestTargetID = BE2C8EC528E2A5F4003C6FEB;
					};
				};
			};
			buildConfigurationList = BE2C8EC128E2A5F4003C6FEB /* Build configuration list for PBXProject "IncomeBalance" */;
			compatibilityVersion = "Xcode 13.0";
			developmentRegion = en;
			hasScannedForEncodings = 0;
			knownRegions = (
				en,
				Base,
			);
			mainGroup = BE2C8EBD28E2A5F4003C6FEB;
			productRefGroup = BE2C8EC728E2A5F4003C6FEB /* Products */;
			projectDirPath = "";
			projectRoot = "";
			targets = (
				BE2C8EC528E2A5F4003C6FEB /* IncomeBalance */,
				BE2C8EDE28E2A5F9003C6FEB /* IncomeBalanceTests */,
				BE2C8EE828E2A5F9003C6FEB /* IncomeBalanceUITests */,
			);
		};
/* End PBXProject section */

/* Begin PBXResourcesBuildPhase section */
		BE2C8EC428E2A5F4003C6FEB /* Resources */ = {
			isa = PBXResourcesBuildPhase;
			buildActionMask = 2147483647;
			files = (
				BE2C8ED928E2A5F9003C6FEB /* LaunchScreen.storyboard in Resources */,
				BE2C8ED628E2A5F9003C6FEB /* Assets.xcassets in Resources */,
				BE2C8ED128E2A5F4003C6FEB /* Main.storyboard in Resources */,
			);
			runOnlyForDeploymentPostprocessing = 0;
		};
		BE2C8EDD28E2A5F9003C6FEB /* Resources */ = {
			isa = PBXResourcesBuildPhase;
			buildActionMask = 2147483647;
			files = (
			);
			runOnlyForDeploymentPostprocessing = 0;
		};
		BE2C8EE728E2A5F9003C6FEB /* Resources */ = {
			isa = PBXResourcesBuildPhase;
			buildActionMask = 2147483647;
			files = (
			);
			runOnlyForDeploymentPostprocessing = 0;
		};
/* End PBXResourcesBuildPhase section */

/* Begin PBXSourcesBuildPhase section */
		BE2C8EC228E2A5F4003C6FEB /* Sources */ = {
			isa = PBXSourcesBuildPhase;
			buildActionMask = 2147483647;
			files = (
				BE2C8ECE28E2A5F4003C6FEB /* ListViewController.swift in Sources */,
				BE4B261128E46874007A3354 /* TransactionsViewModel.swift in Sources */,
				BE2C8ECA28E2A5F4003C6FEB /* AppDelegate.swift in Sources */,
				BE4B261328E476A6007A3354 /* UnitOfWork.swift in Sources */,
				BE4B260728E44A5F007A3354 /* TransactionMO.swift in Sources */,
				BE4B261528E59A17007A3354 /* AddTransactionViewModel .swift in Sources */,
				BE4B260B28E46641007A3354 /* TransactionRepository.swift in Sources */,
				BE4B261A28E6A4A0007A3354 /* Date+.swift in Sources */,
				BE2C8ECC28E2A5F4003C6FEB /* SceneDelegate.swift in Sources */,
				BE4B260F28E467F8007A3354 /* CoreDataContextProvider.swift in Sources */,
				BE4B261728E699BB007A3354 /* TransactionCell.swift in Sources */,
				BE2C8ED428E2A5F4003C6FEB /* IncomeBalance.xcdatamodeld in Sources */,
				BE4B261C28E6EA0E007A3354 /* AddTransactionViewController.swift in Sources */,
				BE4B260D28E4668E007A3354 /* CoreDataRepository.swift in Sources */,
				BE0839E328F1D1E60034A49D /* String+.swift in Sources */,
				BE2C8F0228E2BE1D003C6FEB /* Transaction.swift in Sources */,
				BE4B261E28E6FE42007A3354 /* UITextField+.swift in Sources */,
			);
			runOnlyForDeploymentPostprocessing = 0;
		};
		BE2C8EDB28E2A5F9003C6FEB /* Sources */ = {
			isa = PBXSourcesBuildPhase;
			buildActionMask = 2147483647;
			files = (
				BE2C8EE428E2A5F9003C6FEB /* IncomeBalanceTests.swift in Sources */,
			);
			runOnlyForDeploymentPostprocessing = 0;
		};
		BE2C8EE528E2A5F9003C6FEB /* Sources */ = {
			isa = PBXSourcesBuildPhase;
			buildActionMask = 2147483647;
			files = (
				BE2C8EF028E2A5F9003C6FEB /* IncomeBalanceUITestsLaunchTests.swift in Sources */,
				BE2C8EEE28E2A5F9003C6FEB /* IncomeBalanceUITests.swift in Sources */,
			);
			runOnlyForDeploymentPostprocessing = 0;
		};
/* End PBXSourcesBuildPhase section */

/* Begin PBXTargetDependency section */
		BE2C8EE128E2A5F9003C6FEB /* PBXTargetDependency */ = {
			isa = PBXTargetDependency;
			target = BE2C8EC528E2A5F4003C6FEB /* IncomeBalance */;
			targetProxy = BE2C8EE028E2A5F9003C6FEB /* PBXContainerItemProxy */;
		};
		BE2C8EEB28E2A5F9003C6FEB /* PBXTargetDependency */ = {
			isa = PBXTargetDependency;
			target = BE2C8EC528E2A5F4003C6FEB /* IncomeBalance */;
			targetProxy = BE2C8EEA28E2A5F9003C6FEB /* PBXContainerItemProxy */;
		};
/* End PBXTargetDependency section */

/* Begin PBXVariantGroup section */
		BE2C8ECF28E2A5F4003C6FEB /* Main.storyboard */ = {
			isa = PBXVariantGroup;
			children = (
				BE2C8ED028E2A5F4003C6FEB /* Base */,
			);
			name = Main.storyboard;
			sourceTree = "<group>";
		};
		BE2C8ED728E2A5F9003C6FEB /* LaunchScreen.storyboard */ = {
			isa = PBXVariantGroup;
			children = (
				BE2C8ED828E2A5F9003C6FEB /* Base */,
			);
			name = LaunchScreen.storyboard;
			sourceTree = "<group>";
		};
/* End PBXVariantGroup section */

/* Begin XCBuildConfiguration section */
		BE2C8EF128E2A5F9003C6FEB /* Debug */ = {
			isa = XCBuildConfiguration;
			buildSettings = {
				ALWAYS_SEARCH_USER_PATHS = NO;
				CLANG_ANALYZER_NONNULL = YES;
				CLANG_ANALYZER_NUMBER_OBJECT_CONVERSION = YES_AGGRESSIVE;
				CLANG_CXX_LANGUAGE_STANDARD = "gnu++17";
				CLANG_ENABLE_MODULES = YES;
				CLANG_ENABLE_OBJC_ARC = YES;
				CLANG_ENABLE_OBJC_WEAK = YES;
				CLANG_WARN_BLOCK_CAPTURE_AUTORELEASING = YES;
				CLANG_WARN_BOOL_CONVERSION = YES;
				CLANG_WARN_COMMA = YES;
				CLANG_WARN_CONSTANT_CONVERSION = YES;
				CLANG_WARN_DEPRECATED_OBJC_IMPLEMENTATIONS = YES;
				CLANG_WARN_DIRECT_OBJC_ISA_USAGE = YES_ERROR;
				CLANG_WARN_DOCUMENTATION_COMMENTS = YES;
				CLANG_WARN_EMPTY_BODY = YES;
				CLANG_WARN_ENUM_CONVERSION = YES;
				CLANG_WARN_INFINITE_RECURSION = YES;
				CLANG_WARN_INT_CONVERSION = YES;
				CLANG_WARN_NON_LITERAL_NULL_CONVERSION = YES;
				CLANG_WARN_OBJC_IMPLICIT_RETAIN_SELF = YES;
				CLANG_WARN_OBJC_LITERAL_CONVERSION = YES;
				CLANG_WARN_OBJC_ROOT_CLASS = YES_ERROR;
				CLANG_WARN_QUOTED_INCLUDE_IN_FRAMEWORK_HEADER = YES;
				CLANG_WARN_RANGE_LOOP_ANALYSIS = YES;
				CLANG_WARN_STRICT_PROTOTYPES = YES;
				CLANG_WARN_SUSPICIOUS_MOVE = YES;
				CLANG_WARN_UNGUARDED_AVAILABILITY = YES_AGGRESSIVE;
				CLANG_WARN_UNREACHABLE_CODE = YES;
				CLANG_WARN__DUPLICATE_METHOD_MATCH = YES;
				COPY_PHASE_STRIP = NO;
				DEBUG_INFORMATION_FORMAT = dwarf;
				ENABLE_STRICT_OBJC_MSGSEND = YES;
				ENABLE_TESTABILITY = YES;
				GCC_C_LANGUAGE_STANDARD = gnu11;
				GCC_DYNAMIC_NO_PIC = NO;
				GCC_NO_COMMON_BLOCKS = YES;
				GCC_OPTIMIZATION_LEVEL = 0;
				GCC_PREPROCESSOR_DEFINITIONS = (
					"DEBUG=1",
					"$(inherited)",
				);
				GCC_WARN_64_TO_32_BIT_CONVERSION = YES;
				GCC_WARN_ABOUT_RETURN_TYPE = YES_ERROR;
				GCC_WARN_UNDECLARED_SELECTOR = YES;
				GCC_WARN_UNINITIALIZED_AUTOS = YES_AGGRESSIVE;
				GCC_WARN_UNUSED_FUNCTION = YES;
				GCC_WARN_UNUSED_VARIABLE = YES;
				IPHONEOS_DEPLOYMENT_TARGET = 15.4;
				MTL_ENABLE_DEBUG_INFO = INCLUDE_SOURCE;
				MTL_FAST_MATH = YES;
				ONLY_ACTIVE_ARCH = YES;
				SDKROOT = iphoneos;
				SWIFT_ACTIVE_COMPILATION_CONDITIONS = DEBUG;
				SWIFT_OPTIMIZATION_LEVEL = "-Onone";
			};
			name = Debug;
		};
		BE2C8EF228E2A5F9003C6FEB /* Release */ = {
			isa = XCBuildConfiguration;
			buildSettings = {
				ALWAYS_SEARCH_USER_PATHS = NO;
				CLANG_ANALYZER_NONNULL = YES;
				CLANG_ANALYZER_NUMBER_OBJECT_CONVERSION = YES_AGGRESSIVE;
				CLANG_CXX_LANGUAGE_STANDARD = "gnu++17";
				CLANG_ENABLE_MODULES = YES;
				CLANG_ENABLE_OBJC_ARC = YES;
				CLANG_ENABLE_OBJC_WEAK = YES;
				CLANG_WARN_BLOCK_CAPTURE_AUTORELEASING = YES;
				CLANG_WARN_BOOL_CONVERSION = YES;
				CLANG_WARN_COMMA = YES;
				CLANG_WARN_CONSTANT_CONVERSION = YES;
				CLANG_WARN_DEPRECATED_OBJC_IMPLEMENTATIONS = YES;
				CLANG_WARN_DIRECT_OBJC_ISA_USAGE = YES_ERROR;
				CLANG_WARN_DOCUMENTATION_COMMENTS = YES;
				CLANG_WARN_EMPTY_BODY = YES;
				CLANG_WARN_ENUM_CONVERSION = YES;
				CLANG_WARN_INFINITE_RECURSION = YES;
				CLANG_WARN_INT_CONVERSION = YES;
				CLANG_WARN_NON_LITERAL_NULL_CONVERSION = YES;
				CLANG_WARN_OBJC_IMPLICIT_RETAIN_SELF = YES;
				CLANG_WARN_OBJC_LITERAL_CONVERSION = YES;
				CLANG_WARN_OBJC_ROOT_CLASS = YES_ERROR;
				CLANG_WARN_QUOTED_INCLUDE_IN_FRAMEWORK_HEADER = YES;
				CLANG_WARN_RANGE_LOOP_ANALYSIS = YES;
				CLANG_WARN_STRICT_PROTOTYPES = YES;
				CLANG_WARN_SUSPICIOUS_MOVE = YES;
				CLANG_WARN_UNGUARDED_AVAILABILITY = YES_AGGRESSIVE;
				CLANG_WARN_UNREACHABLE_CODE = YES;
				CLANG_WARN__DUPLICATE_METHOD_MATCH = YES;
				COPY_PHASE_STRIP = NO;
				DEBUG_INFORMATION_FORMAT = "dwarf-with-dsym";
				ENABLE_NS_ASSERTIONS = NO;
				ENABLE_STRICT_OBJC_MSGSEND = YES;
				GCC_C_LANGUAGE_STANDARD = gnu11;
				GCC_NO_COMMON_BLOCKS = YES;
				GCC_WARN_64_TO_32_BIT_CONVERSION = YES;
				GCC_WARN_ABOUT_RETURN_TYPE = YES_ERROR;
				GCC_WARN_UNDECLARED_SELECTOR = YES;
				GCC_WARN_UNINITIALIZED_AUTOS = YES_AGGRESSIVE;
				GCC_WARN_UNUSED_FUNCTION = YES;
				GCC_WARN_UNUSED_VARIABLE = YES;
				IPHONEOS_DEPLOYMENT_TARGET = 15.4;
				MTL_ENABLE_DEBUG_INFO = NO;
				MTL_FAST_MATH = YES;
				SDKROOT = iphoneos;
				SWIFT_COMPILATION_MODE = wholemodule;
				SWIFT_OPTIMIZATION_LEVEL = "-O";
				VALIDATE_PRODUCT = YES;
			};
			name = Release;
		};
		BE2C8EF428E2A5F9003C6FEB /* Debug */ = {
			isa = XCBuildConfiguration;
			buildSettings = {
				ASSETCATALOG_COMPILER_APPICON_NAME = AppIcon;
				ASSETCATALOG_COMPILER_GLOBAL_ACCENT_COLOR_NAME = AccentColor;
				CODE_SIGN_STYLE = Automatic;
				CURRENT_PROJECT_VERSION = 1;
				GENERATE_INFOPLIST_FILE = YES;
				INFOPLIST_FILE = IncomeBalance/Info.plist;
				INFOPLIST_KEY_UIApplicationSupportsIndirectInputEvents = YES;
				INFOPLIST_KEY_UILaunchStoryboardName = LaunchScreen;
				INFOPLIST_KEY_UIMainStoryboardFile = Main;
				INFOPLIST_KEY_UISupportedInterfaceOrientations = UIInterfaceOrientationPortrait;
				INFOPLIST_KEY_UISupportedInterfaceOrientations_iPad = "UIInterfaceOrientationPortrait UIInterfaceOrientationPortraitUpsideDown UIInterfaceOrientationLandscapeLeft UIInterfaceOrientationLandscapeRight";
				INFOPLIST_KEY_UISupportedInterfaceOrientations_iPhone = "UIInterfaceOrientationPortrait UIInterfaceOrientationLandscapeLeft UIInterfaceOrientationLandscapeRight";
				LD_RUNPATH_SEARCH_PATHS = (
					"$(inherited)",
					"@executable_path/Frameworks",
				);
				MARKETING_VERSION = 1.0;
				PRODUCT_BUNDLE_IDENTIFIER = com.jobget.poc.IncomeBalance;
				PRODUCT_NAME = "$(TARGET_NAME)";
				SWIFT_EMIT_LOC_STRINGS = YES;
				SWIFT_VERSION = 5.0;
				TARGETED_DEVICE_FAMILY = 1;
			};
			name = Debug;
		};
		BE2C8EF528E2A5F9003C6FEB /* Release */ = {
			isa = XCBuildConfiguration;
			buildSettings = {
				ASSETCATALOG_COMPILER_APPICON_NAME = AppIcon;
				ASSETCATALOG_COMPILER_GLOBAL_ACCENT_COLOR_NAME = AccentColor;
				CODE_SIGN_STYLE = Automatic;
				CURRENT_PROJECT_VERSION = 1;
				GENERATE_INFOPLIST_FILE = YES;
				INFOPLIST_FILE = IncomeBalance/Info.plist;
				INFOPLIST_KEY_UIApplicationSupportsIndirectInputEvents = YES;
				INFOPLIST_KEY_UILaunchStoryboardName = LaunchScreen;
				INFOPLIST_KEY_UIMainStoryboardFile = Main;
				INFOPLIST_KEY_UISupportedInterfaceOrientations = UIInterfaceOrientationPortrait;
				INFOPLIST_KEY_UISupportedInterfaceOrientations_iPad = "UIInterfaceOrientationPortrait UIInterfaceOrientationPortraitUpsideDown UIInterfaceOrientationLandscapeLeft UIInterfaceOrientationLandscapeRight";
				INFOPLIST_KEY_UISupportedInterfaceOrientations_iPhone = "UIInterfaceOrientationPortrait UIInterfaceOrientationLandscapeLeft UIInterfaceOrientationLandscapeRight";
				LD_RUNPATH_SEARCH_PATHS = (
					"$(inherited)",
					"@executable_path/Frameworks",
				);
				MARKETING_VERSION = 1.0;
				PRODUCT_BUNDLE_IDENTIFIER = com.jobget.poc.IncomeBalance;
				PRODUCT_NAME = "$(TARGET_NAME)";
				SWIFT_EMIT_LOC_STRINGS = YES;
				SWIFT_VERSION = 5.0;
				TARGETED_DEVICE_FAMILY = 1;
			};
			name = Release;
		};
		BE2C8EF728E2A5F9003C6FEB /* Debug */ = {
			isa = XCBuildConfiguration;
			buildSettings = {
				ALWAYS_EMBED_SWIFT_STANDARD_LIBRARIES = YES;
				BUNDLE_LOADER = "$(TEST_HOST)";
				CODE_SIGN_STYLE = Automatic;
				CURRENT_PROJECT_VERSION = 1;
				GENERATE_INFOPLIST_FILE = YES;
				IPHONEOS_DEPLOYMENT_TARGET = 15.4;
				MARKETING_VERSION = 1.0;
				PRODUCT_BUNDLE_IDENTIFIER = com.jobget.poc.IncomeBalanceTests;
				PRODUCT_NAME = "$(TARGET_NAME)";
				SWIFT_EMIT_LOC_STRINGS = NO;
				SWIFT_VERSION = 5.0;
				TARGETED_DEVICE_FAMILY = "1,2";
				TEST_HOST = "$(BUILT_PRODUCTS_DIR)/IncomeBalance.app/IncomeBalance";
			};
			name = Debug;
		};
		BE2C8EF828E2A5F9003C6FEB /* Release */ = {
			isa = XCBuildConfiguration;
			buildSettings = {
				ALWAYS_EMBED_SWIFT_STANDARD_LIBRARIES = YES;
				BUNDLE_LOADER = "$(TEST_HOST)";
				CODE_SIGN_STYLE = Automatic;
				CURRENT_PROJECT_VERSION = 1;
				GENERATE_INFOPLIST_FILE = YES;
				IPHONEOS_DEPLOYMENT_TARGET = 15.4;
				MARKETING_VERSION = 1.0;
				PRODUCT_BUNDLE_IDENTIFIER = com.jobget.poc.IncomeBalanceTests;
				PRODUCT_NAME = "$(TARGET_NAME)";
				SWIFT_EMIT_LOC_STRINGS = NO;
				SWIFT_VERSION = 5.0;
				TARGETED_DEVICE_FAMILY = "1,2";
				TEST_HOST = "$(BUILT_PRODUCTS_DIR)/IncomeBalance.app/IncomeBalance";
			};
			name = Release;
		};
		BE2C8EFA28E2A5F9003C6FEB /* Debug */ = {
			isa = XCBuildConfiguration;
			buildSettings = {
				ALWAYS_EMBED_SWIFT_STANDARD_LIBRARIES = YES;
				CODE_SIGN_STYLE = Automatic;
				CURRENT_PROJECT_VERSION = 1;
				GENERATE_INFOPLIST_FILE = YES;
				MARKETING_VERSION = 1.0;
				PRODUCT_BUNDLE_IDENTIFIER = com.jobget.poc.IncomeBalanceUITests;
				PRODUCT_NAME = "$(TARGET_NAME)";
				SWIFT_EMIT_LOC_STRINGS = NO;
				SWIFT_VERSION = 5.0;
				TARGETED_DEVICE_FAMILY = "1,2";
				TEST_TARGET_NAME = IncomeBalance;
			};
			name = Debug;
		};
		BE2C8EFB28E2A5F9003C6FEB /* Release */ = {
			isa = XCBuildConfiguration;
			buildSettings = {
				ALWAYS_EMBED_SWIFT_STANDARD_LIBRARIES = YES;
				CODE_SIGN_STYLE = Automatic;
				CURRENT_PROJECT_VERSION = 1;
				GENERATE_INFOPLIST_FILE = YES;
				MARKETING_VERSION = 1.0;
				PRODUCT_BUNDLE_IDENTIFIER = com.jobget.poc.IncomeBalanceUITests;
				PRODUCT_NAME = "$(TARGET_NAME)";
				SWIFT_EMIT_LOC_STRINGS = NO;
				SWIFT_VERSION = 5.0;
				TARGETED_DEVICE_FAMILY = "1,2";
				TEST_TARGET_NAME = IncomeBalance;
			};
			name = Release;
		};
/* End XCBuildConfiguration section */

/* Begin XCConfigurationList section */
		BE2C8EC128E2A5F4003C6FEB /* Build configuration list for PBXProject "IncomeBalance" */ = {
			isa = XCConfigurationList;
			buildConfigurations = (
				BE2C8EF128E2A5F9003C6FEB /* Debug */,
				BE2C8EF228E2A5F9003C6FEB /* Release */,
			);
			defaultConfigurationIsVisible = 0;
			defaultConfigurationName = Release;
		};
		BE2C8EF328E2A5F9003C6FEB /* Build configuration list for PBXNativeTarget "IncomeBalance" */ = {
			isa = XCConfigurationList;
			buildConfigurations = (
				BE2C8EF428E2A5F9003C6FEB /* Debug */,
				BE2C8EF528E2A5F9003C6FEB /* Release */,
			);
			defaultConfigurationIsVisible = 0;
			defaultConfigurationName = Release;
		};
		BE2C8EF628E2A5F9003C6FEB /* Build configuration list for PBXNativeTarget "IncomeBalanceTests" */ = {
			isa = XCConfigurationList;
			buildConfigurations = (
				BE2C8EF728E2A5F9003C6FEB /* Debug */,
				BE2C8EF828E2A5F9003C6FEB /* Release */,
			);
			defaultConfigurationIsVisible = 0;
			defaultConfigurationName = Release;
		};
		BE2C8EF928E2A5F9003C6FEB /* Build configuration list for PBXNativeTarget "IncomeBalanceUITests" */ = {
			isa = XCConfigurationList;
			buildConfigurations = (
				BE2C8EFA28E2A5F9003C6FEB /* Debug */,
				BE2C8EFB28E2A5F9003C6FEB /* Release */,
			);
			defaultConfigurationIsVisible = 0;
			defaultConfigurationName = Release;
		};
/* End XCConfigurationList section */

/* Begin XCVersionGroup section */
		BE2C8ED228E2A5F4003C6FEB /* IncomeBalance.xcdatamodeld */ = {
			isa = XCVersionGroup;
			children = (
				BE2C8ED328E2A5F4003C6FEB /* IncomeBalance.xcdatamodel */,
			);
			currentVersion = BE2C8ED328E2A5F4003C6FEB /* IncomeBalance.xcdatamodel */;
			path = IncomeBalance.xcdatamodeld;
			sourceTree = "<group>";
			versionGroupType = wrapper.xcdatamodel;
		};
/* End XCVersionGroup section */
	};
	rootObject = BE2C8EBE28E2A5F4003C6FEB /* Project object */;
}
